
Microsoft Visual Studio Solution File, Format Version 12.00
# Visual Studio Version 16
VisualStudioVersion = 16.0.32407.337
MinimumVisualStudioVersion = 10.0.40219.1
Project("{FAE04EC0-301F-11D3-BF4B-00C04F79EFBC}") = "FileManager", "FileManager\FileManager.csproj", "{63D48258-BCEF-4436-9008-0980E4658245}"
EndProject
Global
	GlobalSection(SolutionConfigurationPlatforms) = preSolution
		Debug|Any CPU = Debug|Any CPU
		Release|Any CPU = Release|Any CPU
	EndGlobalSection
	GlobalSection(ProjectConfigurationPlatforms) = postSolution
		{63D48258-BCEF-4436-9008-0980E4658245}.Debug|Any CPU.ActiveCfg = Debug|Any CPU
		{63D48258-BCEF-4436-9008-0980E4658245}.Debug|Any CPU.Build.0 = Debug|Any CPU
		{63D48258-BCEF-4436-9008-0980E4658245}.Release|Any CPU.ActiveCfg = Release|Any CPU
		{63D48258-BCEF-4436-9008-0980E4658245}.Release|Any CPU.Build.0 = Release|Any CPU
	EndGlobalSection
	GlobalSection(SolutionProperties) = preSolution
		HideSolutionNode = FALSE
	EndGlobalSection
	GlobalSection(ExtensibilityGlobals) = postSolution
		SolutionGuid = {49284E0F-20AF-4D50-A9B9-3E7170F68954}
	EndGlobalSection
EndGlobal
